
Microsoft Visual Studio Solution File, Format Version 12.00
# Visual Studio Version 17
VisualStudioVersion = 17.3.32825.248
MinimumVisualStudioVersion = 10.0.40219.1
Project("{FAE04EC0-301F-11D3-BF4B-00C04F79EFBC}") = "Project02", "Project02.csproj", "{2D2B6792-639B-452F-9866-A16480F27204}"
EndProject
Global
	GlobalSection(SolutionConfigurationPlatforms) = preSolution
		Debug|Any CPU = Debug|Any CPU
		Release|Any CPU = Release|Any CPU
	EndGlobalSection
	GlobalSection(ProjectConfigurationPlatforms) = postSolution
		{2D2B6792-639B-452F-9866-A16480F27204}.Debug|Any CPU.ActiveCfg = Debug|Any CPU
		{2D2B6792-639B-452F-9866-A16480F27204}.Debug|Any CPU.Build.0 = Debug|Any CPU
		{2D2B6792-639B-452F-9866-A16480F27204}.Release|Any CPU.ActiveCfg = Release|Any CPU
		{2D2B6792-639B-452F-9866-A16480F27204}.Release|Any CPU.Build.0 = Release|Any CPU
	EndGlobalSection
	GlobalSection(SolutionProperties) = preSolution
		HideSolutionNode = FALSE
	EndGlobalSection
	GlobalSection(ExtensibilityGlobals) = postSolution
		SolutionGuid = {C61B3072-028F-4C75-B8DC-16564DFFA67E}
	EndGlobalSection
EndGlobal
